// !$*UTF8*$!
{
	archiveVersion = 1;
	classes = {
	};
	objectVersion = 50;
	objects = {

/* Begin PBXBuildFile section */
		5249712924300A5300663A0D /* AppDelegate.swift in Sources */ = {isa = PBXBuildFile; fileRef = 5249712824300A5300663A0D /* AppDelegate.swift */; };
		5249712B24300A5300663A0D /* SceneDelegate.swift in Sources */ = {isa = PBXBuildFile; fileRef = 5249712A24300A5300663A0D /* SceneDelegate.swift */; };
		5249713024300A5300663A0D /* Main.storyboard in Resources */ = {isa = PBXBuildFile; fileRef = 5249712E24300A5300663A0D /* Main.storyboard */; };
		5249713224300A5400663A0D /* Assets.xcassets in Resources */ = {isa = PBXBuildFile; fileRef = 5249713124300A5400663A0D /* Assets.xcassets */; };
		5249713524300A5400663A0D /* LaunchScreen.storyboard in Resources */ = {isa = PBXBuildFile; fileRef = 5249713324300A5400663A0D /* LaunchScreen.storyboard */; };
		5249713D24300AF000663A0D /* LoginViewController.swift in Sources */ = {isa = PBXBuildFile; fileRef = 5249713C24300AF000663A0D /* LoginViewController.swift */; };
		5249713F24300B0600663A0D /* HomeViewController.swift in Sources */ = {isa = PBXBuildFile; fileRef = 5249713E24300B0600663A0D /* HomeViewController.swift */; };
		5249714124300B2000663A0D /* ImageSelectViewController.swift in Sources */ = {isa = PBXBuildFile; fileRef = 5249714024300B2000663A0D /* ImageSelectViewController.swift */; };
		5249714324300B3800663A0D /* PostViewController.swift in Sources */ = {isa = PBXBuildFile; fileRef = 5249714224300B3800663A0D /* PostViewController.swift */; };
		5249714524300B6C00663A0D /* SettingViewController.swift in Sources */ = {isa = PBXBuildFile; fileRef = 5249714424300B6C00663A0D /* SettingViewController.swift */; };
		524971492430124C00663A0D /* TabBarController.swift in Sources */ = {isa = PBXBuildFile; fileRef = 524971482430124C00663A0D /* TabBarController.swift */; };
		5249714B243017C900663A0D /* GoogleService-Info.plist in Resources */ = {isa = PBXBuildFile; fileRef = 5249714A243017C900663A0D /* GoogleService-Info.plist */; };
		932B5897BA60EEB5D170ADAD /* Pods_Instagram.framework in Frameworks */ = {isa = PBXBuildFile; fileRef = B9AE4397C0FF043AADAA8874 /* Pods_Instagram.framework */; };
/* End PBXBuildFile section */

/* Begin PBXFileReference section */
		5249712524300A5300663A0D /* Instagram.app */ = {isa = PBXFileReference; explicitFileType = wrapper.application; includeInIndex = 0; path = Instagram.app; sourceTree = BUILT_PRODUCTS_DIR; };
		5249712824300A5300663A0D /* AppDelegate.swift */ = {isa = PBXFileReference; lastKnownFileType = sourcecode.swift; path = AppDelegate.swift; sourceTree = "<group>"; };
		5249712A24300A5300663A0D /* SceneDelegate.swift */ = {isa = PBXFileReference; lastKnownFileType = sourcecode.swift; path = SceneDelegate.swift; sourceTree = "<group>"; };
		5249712F24300A5300663A0D /* Base */ = {isa = PBXFileReference; lastKnownFileType = file.storyboard; name = Base; path = Base.lproj/Main.storyboard; sourceTree = "<group>"; };
		5249713124300A5400663A0D /* Assets.xcassets */ = {isa = PBXFileReference; lastKnownFileType = folder.assetcatalog; path = Assets.xcassets; sourceTree = "<group>"; };
		5249713424300A5400663A0D /* Base */ = {isa = PBXFileReference; lastKnownFileType = file.storyboard; name = Base; path = Base.lproj/LaunchScreen.storyboard; sourceTree = "<group>"; };
		5249713624300A5400663A0D /* Info.plist */ = {isa = PBXFileReference; lastKnownFileType = text.plist.xml; path = Info.plist; sourceTree = "<group>"; };
		5249713C24300AF000663A0D /* LoginViewController.swift */ = {isa = PBXFileReference; lastKnownFileType = sourcecode.swift; path = LoginViewController.swift; sourceTree = "<group>"; };
		5249713E24300B0600663A0D /* HomeViewController.swift */ = {isa = PBXFileReference; lastKnownFileType = sourcecode.swift; path = HomeViewController.swift; sourceTree = "<group>"; };
		5249714024300B2000663A0D /* ImageSelectViewController.swift */ = {isa = PBXFileReference; lastKnownFileType = sourcecode.swift; path = ImageSelectViewController.swift; sourceTree = "<group>"; };
		5249714224300B3800663A0D /* PostViewController.swift */ = {isa = PBXFileReference; lastKnownFileType = sourcecode.swift; path = PostViewController.swift; sourceTree = "<group>"; };
		5249714424300B6C00663A0D /* SettingViewController.swift */ = {isa = PBXFileReference; lastKnownFileType = sourcecode.swift; path = SettingViewController.swift; sourceTree = "<group>"; };
		524971482430124C00663A0D /* TabBarController.swift */ = {isa = PBXFileReference; lastKnownFileType = sourcecode.swift; path = TabBarController.swift; sourceTree = "<group>"; };
		5249714A243017C900663A0D /* GoogleService-Info.plist */ = {isa = PBXFileReference; fileEncoding = 4; lastKnownFileType = text.plist.xml; path = "GoogleService-Info.plist"; sourceTree = "<group>"; };
		A1AF9216490C765FCA2D3C3C /* Pods-Instagram.debug.xcconfig */ = {isa = PBXFileReference; includeInIndex = 1; lastKnownFileType = text.xcconfig; name = "Pods-Instagram.debug.xcconfig"; path = "Target Support Files/Pods-Instagram/Pods-Instagram.debug.xcconfig"; sourceTree = "<group>"; };
		B9AE4397C0FF043AADAA8874 /* Pods_Instagram.framework */ = {isa = PBXFileReference; explicitFileType = wrapper.framework; includeInIndex = 0; path = Pods_Instagram.framework; sourceTree = BUILT_PRODUCTS_DIR; };
		DD45AE901DF35B3CDA75A9FA /* Pods-Instagram.release.xcconfig */ = {isa = PBXFileReference; includeInIndex = 1; lastKnownFileType = text.xcconfig; name = "Pods-Instagram.release.xcconfig"; path = "Target Support Files/Pods-Instagram/Pods-Instagram.release.xcconfig"; sourceTree = "<group>"; };
/* End PBXFileReference section */

/* Begin PBXFrameworksBuildPhase section */
		5249712224300A5300663A0D /* Frameworks */ = {
			isa = PBXFrameworksBuildPhase;
			buildActionMask = 2147483647;
			files = (
				932B5897BA60EEB5D170ADAD /* Pods_Instagram.framework in Frameworks */,
			);
			runOnlyForDeploymentPostprocessing = 0;
		};
/* End PBXFrameworksBuildPhase section */

/* Begin PBXGroup section */
		30B7364A6FB76DE7C663CBBD /* Frameworks */ = {
			isa = PBXGroup;
			children = (
				B9AE4397C0FF043AADAA8874 /* Pods_Instagram.framework */,
			);
			name = Frameworks;
			sourceTree = "<group>";
		};
		5249711C24300A5300663A0D = {
			isa = PBXGroup;
			children = (
				5249712724300A5300663A0D /* Instagram */,
				5249712624300A5300663A0D /* Products */,
				872E758B6D4E8EA947478E54 /* Pods */,
				30B7364A6FB76DE7C663CBBD /* Frameworks */,
			);
			sourceTree = "<group>";
		};
		5249712624300A5300663A0D /* Products */ = {
			isa = PBXGroup;
			children = (
				5249712524300A5300663A0D /* Instagram.app */,
			);
			name = Products;
			sourceTree = "<group>";
		};
		5249712724300A5300663A0D /* Instagram */ = {
			isa = PBXGroup;
			children = (
				5249712824300A5300663A0D /* AppDelegate.swift */,
				5249712A24300A5300663A0D /* SceneDelegate.swift */,
				5249713C24300AF000663A0D /* LoginViewController.swift */,
				5249713E24300B0600663A0D /* HomeViewController.swift */,
				5249714024300B2000663A0D /* ImageSelectViewController.swift */,
				5249714224300B3800663A0D /* PostViewController.swift */,
				5249714424300B6C00663A0D /* SettingViewController.swift */,
				5249712E24300A5300663A0D /* Main.storyboard */,
				5249713124300A5400663A0D /* Assets.xcassets */,
				524971482430124C00663A0D /* TabBarController.swift */,
				5249713324300A5400663A0D /* LaunchScreen.storyboard */,
				5249714A243017C900663A0D /* GoogleService-Info.plist */,
				5249713624300A5400663A0D /* Info.plist */,
			);
			path = Instagram;
			sourceTree = "<group>";
		};
		872E758B6D4E8EA947478E54 /* Pods */ = {
			isa = PBXGroup;
			children = (
				A1AF9216490C765FCA2D3C3C /* Pods-Instagram.debug.xcconfig */,
				DD45AE901DF35B3CDA75A9FA /* Pods-Instagram.release.xcconfig */,
			);
			name = Pods;
			path = Pods;
			sourceTree = "<group>";
		};
/* End PBXGroup section */

/* Begin PBXNativeTarget section */
		5249712424300A5300663A0D /* Instagram */ = {
			isa = PBXNativeTarget;
			buildConfigurationList = 5249713924300A5400663A0D /* Build configuration list for PBXNativeTarget "Instagram" */;
			buildPhases = (
				EF9C8854660A262D8D389523 /* [CP] Check Pods Manifest.lock */,
				5249712124300A5300663A0D /* Sources */,
				5249712224300A5300663A0D /* Frameworks */,
				5249712324300A5300663A0D /* Resources */,
				B7CC9DD67B06BA3F807A94C8 /* [CP] Embed Pods Frameworks */,
			);
			buildRules = (
			);
			dependencies = (
			);
			name = Instagram;
			productName = Instagram;
			productReference = 5249712524300A5300663A0D /* Instagram.app */;
			productType = "com.apple.product-type.application";
		};
/* End PBXNativeTarget section */

/* Begin PBXProject section */
		5249711D24300A5300663A0D /* Project object */ = {
			isa = PBXProject;
			attributes = {
				LastSwiftUpdateCheck = 1110;
				LastUpgradeCheck = 1110;
				ORGANIZATIONNAME = yuya.iriko;
				TargetAttributes = {
					5249712424300A5300663A0D = {
						CreatedOnToolsVersion = 11.1;
					};
				};
			};
			buildConfigurationList = 5249712024300A5300663A0D /* Build configuration list for PBXProject "Instagram" */;
			compatibilityVersion = "Xcode 9.3";
			developmentRegion = en;
			hasScannedForEncodings = 0;
			knownRegions = (
				en,
				Base,
			);
			mainGroup = 5249711C24300A5300663A0D;
			productRefGroup = 5249712624300A5300663A0D /* Products */;
			projectDirPath = "";
			projectRoot = "";
			targets = (
				5249712424300A5300663A0D /* Instagram */,
			);
		};
/* End PBXProject section */

/* Begin PBXResourcesBuildPhase section */
		5249712324300A5300663A0D /* Resources */ = {
			isa = PBXResourcesBuildPhase;
			buildActionMask = 2147483647;
			files = (
				5249713524300A5400663A0D /* LaunchScreen.storyboard in Resources */,
				5249714B243017C900663A0D /* GoogleService-Info.plist in Resources */,
				5249713224300A5400663A0D /* Assets.xcassets in Resources */,
				5249713024300A5300663A0D /* Main.storyboard in Resources */,
			);
			runOnlyForDeploymentPostprocessing = 0;
		};
/* End PBXResourcesBuildPhase section */

/* Begin PBXShellScriptBuildPhase section */
		B7CC9DD67B06BA3F807A94C8 /* [CP] Embed Pods Frameworks */ = {
			isa = PBXShellScriptBuildPhase;
			buildActionMask = 2147483647;
			files = (
			);
			inputFileListPaths = (
				"${PODS_ROOT}/Target Support Files/Pods-Instagram/Pods-Instagram-frameworks-${CONFIGURATION}-input-files.xcfilelist",
			);
			name = "[CP] Embed Pods Frameworks";
			outputFileListPaths = (
				"${PODS_ROOT}/Target Support Files/Pods-Instagram/Pods-Instagram-frameworks-${CONFIGURATION}-output-files.xcfilelist",
			);
			runOnlyForDeploymentPostprocessing = 0;
			shellPath = /bin/sh;
			shellScript = "\"${PODS_ROOT}/Target Support Files/Pods-Instagram/Pods-Instagram-frameworks.sh\"\n";
			showEnvVarsInLog = 0;
		};
		EF9C8854660A262D8D389523 /* [CP] Check Pods Manifest.lock */ = {
			isa = PBXShellScriptBuildPhase;
			buildActionMask = 2147483647;
			files = (
			);
			inputFileListPaths = (
			);
			inputPaths = (
				"${PODS_PODFILE_DIR_PATH}/Podfile.lock",
				"${PODS_ROOT}/Manifest.lock",
			);
			name = "[CP] Check Pods Manifest.lock";
			outputFileListPaths = (
			);
			outputPaths = (
				"$(DERIVED_FILE_DIR)/Pods-Instagram-checkManifestLockResult.txt",
			);
			runOnlyForDeploymentPostprocessing = 0;
			shellPath = /bin/sh;
			shellScript = "diff \"${PODS_PODFILE_DIR_PATH}/Podfile.lock\" \"${PODS_ROOT}/Manifest.lock\" > /dev/null\nif [ $? != 0 ] ; then\n    # print error to STDERR\n    echo \"error: The sandbox is not in sync with the Podfile.lock. Run 'pod install' or update your CocoaPods installation.\" >&2\n    exit 1\nfi\n# This output is used by Xcode 'outputs' to avoid re-running this script phase.\necho \"SUCCESS\" > \"${SCRIPT_OUTPUT_FILE_0}\"\n";
			showEnvVarsInLog = 0;
		};
/* End PBXShellScriptBuildPhase section */

/* Begin PBXSourcesBuildPhase section */
		5249712124300A5300663A0D /* Sources */ = {
			isa = PBXSourcesBuildPhase;
			buildActionMask = 2147483647;
			files = (
				5249714124300B2000663A0D /* ImageSelectViewController.swift in Sources */,
				524971492430124C00663A0D /* TabBarController.swift in Sources */,
				5249713F24300B0600663A0D /* HomeViewController.swift in Sources */,
				5249714324300B3800663A0D /* PostViewController.swift in Sources */,
				5249714524300B6C00663A0D /* SettingViewController.swift in Sources */,
				5249713D24300AF000663A0D /* LoginViewController.swift in Sources */,
				5249712924300A5300663A0D /* AppDelegate.swift in Sources */,
				5249712B24300A5300663A0D /* SceneDelegate.swift in Sources */,
			);
			runOnlyForDeploymentPostprocessing = 0;
		};
/* End PBXSourcesBuildPhase section */

/* Begin PBXVariantGroup section */
		5249712E24300A5300663A0D /* Main.storyboard */ = {
			isa = PBXVariantGroup;
			children = (
				5249712F24300A5300663A0D /* Base */,
			);
			name = Main.storyboard;
			sourceTree = "<group>";
		};
		5249713324300A5400663A0D /* LaunchScreen.storyboard */ = {
			isa = PBXVariantGroup;
			children = (
				5249713424300A5400663A0D /* Base */,
			);
			name = LaunchScreen.storyboard;
			sourceTree = "<group>";
		};
/* End PBXVariantGroup section */

/* Begin XCBuildConfiguration section */
		5249713724300A5400663A0D /* Debug */ = {
			isa = XCBuildConfiguration;
			buildSettings = {
				ALWAYS_SEARCH_USER_PATHS = NO;
				CLANG_ANALYZER_NONNULL = YES;
				CLANG_ANALYZER_NUMBER_OBJECT_CONVERSION = YES_AGGRESSIVE;
				CLANG_CXX_LANGUAGE_STANDARD = "gnu++14";
				CLANG_CXX_LIBRARY = "libc++";
				CLANG_ENABLE_MODULES = YES;
				CLANG_ENABLE_OBJC_ARC = YES;
				CLANG_ENABLE_OBJC_WEAK = YES;
				CLANG_WARN_BLOCK_CAPTURE_AUTORELEASING = YES;
				CLANG_WARN_BOOL_CONVERSION = YES;
				CLANG_WARN_COMMA = YES;
				CLANG_WARN_CONSTANT_CONVERSION = YES;
				CLANG_WARN_DEPRECATED_OBJC_IMPLEMENTATIONS = YES;
				CLANG_WARN_DIRECT_OBJC_ISA_USAGE = YES_ERROR;
				CLANG_WARN_DOCUMENTATION_COMMENTS = YES;
				CLANG_WARN_EMPTY_BODY = YES;
				CLANG_WARN_ENUM_CONVERSION = YES;
				CLANG_WARN_INFINITE_RECURSION = YES;
				CLANG_WARN_INT_CONVERSION = YES;
				CLANG_WARN_NON_LITERAL_NULL_CONVERSION = YES;
				CLANG_WARN_OBJC_IMPLICIT_RETAIN_SELF = YES;
				CLANG_WARN_OBJC_LITERAL_CONVERSION = YES;
				CLANG_WARN_OBJC_ROOT_CLASS = YES_ERROR;
				CLANG_WARN_RANGE_LOOP_ANALYSIS = YES;
				CLANG_WARN_STRICT_PROTOTYPES = YES;
				CLANG_WARN_SUSPICIOUS_MOVE = YES;
				CLANG_WARN_UNGUARDED_AVAILABILITY = YES_AGGRESSIVE;
				CLANG_WARN_UNREACHABLE_CODE = YES;
				CLANG_WARN__DUPLICATE_METHOD_MATCH = YES;
				COPY_PHASE_STRIP = NO;
				DEBUG_INFORMATION_FORMAT = dwarf;
				ENABLE_STRICT_OBJC_MSGSEND = YES;
				ENABLE_TESTABILITY = YES;
				GCC_C_LANGUAGE_STANDARD = gnu11;
				GCC_DYNAMIC_NO_PIC = NO;
				GCC_NO_COMMON_BLOCKS = YES;
				GCC_OPTIMIZATION_LEVEL = 0;
				GCC_PREPROCESSOR_DEFINITIONS = (
					"DEBUG=1",
					"$(inherited)",
				);
				GCC_WARN_64_TO_32_BIT_CONVERSION = YES;
				GCC_WARN_ABOUT_RETURN_TYPE = YES_ERROR;
				GCC_WARN_UNDECLARED_SELECTOR = YES;
				GCC_WARN_UNINITIALIZED_AUTOS = YES_AGGRESSIVE;
				GCC_WARN_UNUSED_FUNCTION = YES;
				GCC_WARN_UNUSED_VARIABLE = YES;
				IPHONEOS_DEPLOYMENT_TARGET = 13.1;
				MTL_ENABLE_DEBUG_INFO = INCLUDE_SOURCE;
				MTL_FAST_MATH = YES;
				ONLY_ACTIVE_ARCH = YES;
				SDKROOT = iphoneos;
				SWIFT_ACTIVE_COMPILATION_CONDITIONS = DEBUG;
				SWIFT_OPTIMIZATION_LEVEL = "-Onone";
			};
			name = Debug;
		};
		5249713824300A5400663A0D /* Release */ = {
			isa = XCBuildConfiguration;
			buildSettings = {
				ALWAYS_SEARCH_USER_PATHS = NO;
				CLANG_ANALYZER_NONNULL = YES;
				CLANG_ANALYZER_NUMBER_OBJECT_CONVERSION = YES_AGGRESSIVE;
				CLANG_CXX_LANGUAGE_STANDARD = "gnu++14";
				CLANG_CXX_LIBRARY = "libc++";
				CLANG_ENABLE_MODULES = YES;
				CLANG_ENABLE_OBJC_ARC = YES;
				CLANG_ENABLE_OBJC_WEAK = YES;
				CLANG_WARN_BLOCK_CAPTURE_AUTORELEASING = YES;
				CLANG_WARN_BOOL_CONVERSION = YES;
				CLANG_WARN_COMMA = YES;
				CLANG_WARN_CONSTANT_CONVERSION = YES;
				CLANG_WARN_DEPRECATED_OBJC_IMPLEMENTATIONS = YES;
				CLANG_WARN_DIRECT_OBJC_ISA_USAGE = YES_ERROR;
				CLANG_WARN_DOCUMENTATION_COMMENTS = YES;
				CLANG_WARN_EMPTY_BODY = YES;
				CLANG_WARN_ENUM_CONVERSION = YES;
				CLANG_WARN_INFINITE_RECURSION = YES;
				CLANG_WARN_INT_CONVERSION = YES;
				CLANG_WARN_NON_LITERAL_NULL_CONVERSION = YES;
				CLANG_WARN_OBJC_IMPLICIT_RETAIN_SELF = YES;
				CLANG_WARN_OBJC_LITERAL_CONVERSION = YES;
				CLANG_WARN_OBJC_ROOT_CLASS = YES_ERROR;
				CLANG_WARN_RANGE_LOOP_ANALYSIS = YES;
				CLANG_WARN_STRICT_PROTOTYPES = YES;
				CLANG_WARN_SUSPICIOUS_MOVE = YES;
				CLANG_WARN_UNGUARDED_AVAILABILITY = YES_AGGRESSIVE;
				CLANG_WARN_UNREACHABLE_CODE = YES;
				CLANG_WARN__DUPLICATE_METHOD_MATCH = YES;
				COPY_PHASE_STRIP = NO;
				DEBUG_INFORMATION_FORMAT = "dwarf-with-dsym";
				ENABLE_NS_ASSERTIONS = NO;
				ENABLE_STRICT_OBJC_MSGSEND = YES;
				GCC_C_LANGUAGE_STANDARD = gnu11;
				GCC_NO_COMMON_BLOCKS = YES;
				GCC_WARN_64_TO_32_BIT_CONVERSION = YES;
				GCC_WARN_ABOUT_RETURN_TYPE = YES_ERROR;
				GCC_WARN_UNDECLARED_SELECTOR = YES;
				GCC_WARN_UNINITIALIZED_AUTOS = YES_AGGRESSIVE;
				GCC_WARN_UNUSED_FUNCTION = YES;
				GCC_WARN_UNUSED_VARIABLE = YES;
				IPHONEOS_DEPLOYMENT_TARGET = 13.1;
				MTL_ENABLE_DEBUG_INFO = NO;
				MTL_FAST_MATH = YES;
				SDKROOT = iphoneos;
				SWIFT_COMPILATION_MODE = wholemodule;
				SWIFT_OPTIMIZATION_LEVEL = "-O";
				VALIDATE_PRODUCT = YES;
			};
			name = Release;
		};
		5249713A24300A5400663A0D /* Debug */ = {
			isa = XCBuildConfiguration;
			baseConfigurationReference = A1AF9216490C765FCA2D3C3C /* Pods-Instagram.debug.xcconfig */;
			buildSettings = {
				ASSETCATALOG_COMPILER_APPICON_NAME = AppIcon;
				CODE_SIGN_STYLE = Automatic;
				DEVELOPMENT_TEAM = B2545M8K33;
				INFOPLIST_FILE = Instagram/Info.plist;
				LD_RUNPATH_SEARCH_PATHS = (
					"$(inherited)",
					"@executable_path/Frameworks",
				);
				PRODUCT_BUNDLE_IDENTIFIER = jp.techacademy.yuya.iriko.Instagram;
				PRODUCT_NAME = "$(TARGET_NAME)";
				SWIFT_VERSION = 5.0;
				TARGETED_DEVICE_FAMILY = 1;
			};
			name = Debug;
		};
		5249713B24300A5400663A0D /* Release */ = {
			isa = XCBuildConfiguration;
			baseConfigurationReference = DD45AE901DF35B3CDA75A9FA /* Pods-Instagram.release.xcconfig */;
			buildSettings = {
				ASSETCATALOG_COMPILER_APPICON_NAME = AppIcon;
				CODE_SIGN_STYLE = Automatic;
				DEVELOPMENT_TEAM = B2545M8K33;
				INFOPLIST_FILE = Instagram/Info.plist;
				LD_RUNPATH_SEARCH_PATHS = (
					"$(inherited)",
					"@executable_path/Frameworks",
				);
				PRODUCT_BUNDLE_IDENTIFIER = jp.techacademy.yuya.iriko.Instagram;
				PRODUCT_NAME = "$(TARGET_NAME)";
				SWIFT_VERSION = 5.0;
				TARGETED_DEVICE_FAMILY = 1;
			};
			name = Release;
		};
/* End XCBuildConfiguration section */

/* Begin XCConfigurationList section */
		5249712024300A5300663A0D /* Build configuration list for PBXProject "Instagram" */ = {
			isa = XCConfigurationList;
			buildConfigurations = (
				5249713724300A5400663A0D /* Debug */,
				5249713824300A5400663A0D /* Release */,
			);
			defaultConfigurationIsVisible = 0;
			defaultConfigurationName = Release;
		};
		5249713924300A5400663A0D /* Build configuration list for PBXNativeTarget "Instagram" */ = {
			isa = XCConfigurationList;
			buildConfigurations = (
				5249713A24300A5400663A0D /* Debug */,
				5249713B24300A5400663A0D /* Release */,
			);
			defaultConfigurationIsVisible = 0;
			defaultConfigurationName = Release;
		};
/* End XCConfigurationList section */
	};
	rootObject = 5249711D24300A5300663A0D /* Project object */;
}
